{
  "version": 4,
  "terraform_version": "1.8.4",
  "serial": 71,
  "lineage": "e70c8077-3104-6e45-7586-245f9edcf900",
  "outputs": {},
  "resources": [
    {
      "mode": "managed",
      "type": "aws_internet_gateway",
      "name": "prj-internet-gateway",
      "provider": "provider[\"registry.terraform.io/hashicorp/aws\"]",
      "instances": [
        {
          "schema_version": 0,
          "attributes": {
            "arn": "arn:aws:ec2:us-east-1:704630444454:internet-gateway/igw-0d7fd4a44b8bd4296",
            "id": "igw-0d7fd4a44b8bd4296",
            "owner_id": "704630444454",
            "region": "us-east-1",
            "tags": {
              "Name": "Satyam-Pipeline-Internet-Gateway"
            },
            "tags_all": {
              "Name": "Satyam-Pipeline-Internet-Gateway"
            },
            "timeouts": null,
            "vpc_id": "vpc-039123de071721177"
          },
          "sensitive_attributes": [],
          "private": "eyJlMmJmYjczMC1lY2FhLTExZTYtOGY4OC0zNDM2M2JjN2M0YzAiOnsiY3JlYXRlIjoxMjAwMDAwMDAwMDAwLCJkZWxldGUiOjEyMDAwMDAwMDAwMDAsInVwZGF0ZSI6MTIwMDAwMDAwMDAwMH19",
          "dependencies": [
            "aws_vpc.Terraform_VPC"
          ]
        }
      ]
    },
    {
      "mode": "managed",
      "type": "aws_route_table",
      "name": "prj-route_table",
      "provider": "provider[\"registry.terraform.io/hashicorp/aws\"]",
      "instances": [
        {
          "schema_version": 0,
          "attributes": {
            "arn": "arn:aws:ec2:us-east-1:704630444454:route-table/rtb-0270e9234415c36e4",
            "id": "rtb-0270e9234415c36e4",
            "owner_id": "704630444454",
            "propagating_vgws": [],
            "region": "us-east-1",
            "route": [
              {
                "carrier_gateway_id": "",
                "cidr_block": "0.0.0.0/0",
                "core_network_arn": "",
                "destination_prefix_list_id": "",
                "egress_only_gateway_id": "",
                "gateway_id": "igw-0d7fd4a44b8bd4296",
                "ipv6_cidr_block": "",
                "local_gateway_id": "",
                "nat_gateway_id": "",
                "network_interface_id": "",
                "transit_gateway_id": "",
                "vpc_endpoint_id": "",
                "vpc_peering_connection_id": ""
              }
            ],
            "tags": {
              "Name": "Satyam-Pipeline-Route-table"
            },
            "tags_all": {
              "Name": "Satyam-Pipeline-Route-table"
            },
            "timeouts": null,
            "vpc_id": "vpc-039123de071721177"
          },
          "sensitive_attributes": [],
          "private": "eyJlMmJmYjczMC1lY2FhLTExZTYtOGY4OC0zNDM2M2JjN2M0YzAiOnsiY3JlYXRlIjozMDAwMDAwMDAwMDAsImRlbGV0ZSI6MzAwMDAwMDAwMDAwLCJ1cGRhdGUiOjEyMDAwMDAwMDAwMH19",
          "dependencies": [
            "aws_internet_gateway.prj-internet-gateway",
            "aws_vpc.Terraform_VPC"
          ]
        }
      ]
    },
    {
      "mode": "managed",
      "type": "aws_route_table_association",
      "name": "prj-route-table-association",
      "provider": "provider[\"registry.terraform.io/hashicorp/aws\"]",
      "instances": [
        {
          "schema_version": 0,
          "attributes": {
            "gateway_id": "",
            "id": "rtbassoc-06308b5c1fc322a92",
            "region": "us-east-1",
            "route_table_id": "rtb-0270e9234415c36e4",
            "subnet_id": "subnet-03a7bcbd77e6f45c7",
            "timeouts": null
          },
          "sensitive_attributes": [],
          "private": "eyJlMmJmYjczMC1lY2FhLTExZTYtOGY4OC0zNDM2M2JjN2M0YzAiOnsiY3JlYXRlIjozMDAwMDAwMDAwMDAsImRlbGV0ZSI6MzAwMDAwMDAwMDAwLCJ1cGRhdGUiOjEyMDAwMDAwMDAwMH19",
          "dependencies": [
            "aws_internet_gateway.prj-internet-gateway",
            "aws_route_table.prj-route_table",
            "aws_subnet.prj-public_subnet",
            "aws_vpc.Terraform_VPC"
          ]
        }
      ]
    },
    {
      "mode": "managed",
      "type": "aws_security_group",
      "name": "prj-security-group",
      "provider": "provider[\"registry.terraform.io/hashicorp/aws\"]",
      "instances": [
        {
          "schema_version": 1,
          "attributes": {
            "arn": "arn:aws:ec2:us-east-1:704630444454:security-group/sg-0f8141282d8c63d4a",
            "description": "Managed by Terraform",
            "egress": [
              {
                "cidr_blocks": [
                  "0.0.0.0/0"
                ],
                "description": "Allow outgoing request for everything",
                "from_port": 0,
                "ipv6_cidr_blocks": [],
                "prefix_list_ids": [],
                "protocol": "-1",
                "security_groups": [],
                "self": false,
                "to_port": 0
              }
            ],
            "id": "sg-0f8141282d8c63d4a",
            "ingress": [
              {
                "cidr_blocks": [
                  "0.0.0.0/0"
                ],
                "description": "HTTP inbound allow port 80",
                "from_port": 80,
                "ipv6_cidr_blocks": [],
                "prefix_list_ids": [],
                "protocol": "tcp",
                "security_groups": [],
                "self": false,
                "to_port": 80
              },
              {
                "cidr_blocks": [
                  "0.0.0.0/0"
                ],
                "description": "HTTPS inbound allow port 443",
                "from_port": 443,
                "ipv6_cidr_blocks": [],
                "prefix_list_ids": [],
                "protocol": "tcp",
                "security_groups": [],
                "self": false,
                "to_port": 443
              },
              {
                "cidr_blocks": [
                  "0.0.0.0/0"
                ],
                "description": "SSH inbound allow port 22",
                "from_port": 22,
                "ipv6_cidr_blocks": [],
                "prefix_list_ids": [],
                "protocol": "tcp",
                "security_groups": [],
                "self": false,
                "to_port": 22
              },
              {
                "cidr_blocks": [
                  "0.0.0.0/0"
                ],
                "description": "inbound allow port",
                "from_port": 8081,
                "ipv6_cidr_blocks": [],
                "prefix_list_ids": [],
                "protocol": "tcp",
                "security_groups": [],
                "self": false,
                "to_port": 8081
              }
            ],
            "name": "web",
            "name_prefix": "",
            "owner_id": "704630444454",
            "region": "us-east-1",
            "revoke_rules_on_delete": false,
            "tags": {
              "Name": "Satyam-Pipeline-Security-Group"
            },
            "tags_all": {
              "Name": "Satyam-Pipeline-Security-Group"
            },
            "timeouts": null,
            "vpc_id": "vpc-039123de071721177"
          },
          "sensitive_attributes": [],
          "private": "eyJlMmJmYjczMC1lY2FhLTExZTYtOGY4OC0zNDM2M2JjN2M0YzAiOnsiY3JlYXRlIjo2MDAwMDAwMDAwMDAsImRlbGV0ZSI6OTAwMDAwMDAwMDAwfSwic2NoZW1hX3ZlcnNpb24iOiIxIn0=",
          "dependencies": [
            "aws_vpc.Terraform_VPC"
          ],
          "create_before_destroy": true
        }
      ]
    },
    {
      "mode": "managed",
      "type": "aws_subnet",
      "name": "prj-public_subnet",
      "provider": "provider[\"registry.terraform.io/hashicorp/aws\"]",
      "instances": [
        {
          "schema_version": 1,
          "attributes": {
            "arn": "arn:aws:ec2:us-east-1:704630444454:subnet/subnet-03a7bcbd77e6f45c7",
            "assign_ipv6_address_on_creation": false,
            "availability_zone": "us-east-1a",
            "availability_zone_id": "use1-az4",
            "cidr_block": "10.0.0.0/28",
            "customer_owned_ipv4_pool": "",
            "enable_dns64": false,
            "enable_lni_at_device_index": 0,
            "enable_resource_name_dns_a_record_on_launch": false,
            "enable_resource_name_dns_aaaa_record_on_launch": false,
            "id": "subnet-03a7bcbd77e6f45c7",
            "ipv6_cidr_block": "",
            "ipv6_cidr_block_association_id": "",
            "ipv6_native": false,
            "map_customer_owned_ip_on_launch": false,
            "map_public_ip_on_launch": true,
            "outpost_arn": "",
            "owner_id": "704630444454",
            "private_dns_hostname_type_on_launch": "ip-name",
            "region": "us-east-1",
            "tags": {
              "Name": "Satyam-Pipeline-Subnet"
            },
            "tags_all": {
              "Name": "Satyam-Pipeline-Subnet"
            },
            "timeouts": null,
            "vpc_id": "vpc-039123de071721177"
          },
          "sensitive_attributes": [],
          "private": "eyJlMmJmYjczMC1lY2FhLTExZTYtOGY4OC0zNDM2M2JjN2M0YzAiOnsiY3JlYXRlIjo2MDAwMDAwMDAwMDAsImRlbGV0ZSI6MTIwMDAwMDAwMDAwMH0sInNjaGVtYV92ZXJzaW9uIjoiMSJ9",
          "dependencies": [
            "aws_vpc.Terraform_VPC"
          ],
          "create_before_destroy": true
        }
      ]
    },
    {
      "mode": "managed",
      "type": "aws_vpc",
      "name": "Terraform_VPC",
      "provider": "provider[\"registry.terraform.io/hashicorp/aws\"]",
      "instances": [
        {
          "schema_version": 1,
          "attributes": {
            "arn": "arn:aws:ec2:us-east-1:704630444454:vpc/vpc-039123de071721177",
            "assign_generated_ipv6_cidr_block": false,
            "cidr_block": "10.0.0.0/26",
            "default_network_acl_id": "acl-0dcb90bfecd9884eb",
            "default_route_table_id": "rtb-0bb2533163c60481b",
            "default_security_group_id": "sg-095c18f0df17ec2e3",
            "dhcp_options_id": "dopt-0de2da361db0fe5fe",
            "enable_dns_hostnames": true,
            "enable_dns_support": true,
            "enable_network_address_usage_metrics": false,
            "id": "vpc-039123de071721177",
            "instance_tenancy": "default",
            "ipv4_ipam_pool_id": null,
            "ipv4_netmask_length": null,
            "ipv6_association_id": "",
            "ipv6_cidr_block": "",
            "ipv6_cidr_block_network_border_group": "",
            "ipv6_ipam_pool_id": "",
            "ipv6_netmask_length": 0,
            "main_route_table_id": "rtb-0bb2533163c60481b",
            "owner_id": "704630444454",
            "region": "us-east-1",
            "tags": {
              "Name": "Satyam-Pipeline-VPC"
            },
            "tags_all": {
              "Name": "Satyam-Pipeline-VPC"
            }
          },
          "sensitive_attributes": [],
          "private": "eyJzY2hlbWFfdmVyc2lvbiI6IjEifQ==",
          "create_before_destroy": true
        }
      ]
    },
    {
      "module": "module.ec2",
      "mode": "managed",
      "type": "aws_efs_file_system",
      "name": "system_efs",
      "provider": "provider[\"registry.terraform.io/hashicorp/aws\"]",
      "instances": [
        {
          "schema_version": 0,
          "attributes": {
            "arn": "arn:aws:elasticfilesystem:us-east-1:704630444454:file-system/fs-08a781056b8f03f80",
            "availability_zone_id": "",
            "availability_zone_name": "",
            "creation_token": "system-efs",
            "dns_name": "fs-08a781056b8f03f80.efs.us-east-1.amazonaws.com",
            "encrypted": false,
            "id": "fs-08a781056b8f03f80",
            "kms_key_id": "",
            "lifecycle_policy": [],
            "name": "ArtifactoryEFS",
            "number_of_mount_targets": 1,
            "owner_id": "704630444454",
            "performance_mode": "generalPurpose",
            "protection": [
              {
                "replication_overwrite": "ENABLED"
              }
            ],
            "provisioned_throughput_in_mibps": 0,
            "region": "us-east-1",
            "size_in_bytes": [
              {
                "value": 6144,
                "value_in_ia": 0,
                "value_in_standard": 6144
              }
            ],
            "tags": {
              "Name": "ArtifactoryEFS"
            },
            "tags_all": {
              "Name": "ArtifactoryEFS"
            },
            "throughput_mode": "bursting"
          },
          "sensitive_attributes": [],
          "private": "eyJzY2hlbWFfdmVyc2lvbiI6IjAifQ=="
        }
      ]
    },
    {
      "module": "module.ec2",
      "mode": "managed",
      "type": "aws_iam_role",
      "name": "ec2_cloudwatch_role",
      "provider": "provider[\"registry.terraform.io/hashicorp/aws\"]",
      "instances": [
        {
          "schema_version": 0,
          "attributes": {
            "arn": "arn:aws:iam::704630444454:role/ec2-cloudwatch-role",
            "assume_role_policy": "{\"Statement\":[{\"Action\":\"sts:AssumeRole\",\"Effect\":\"Allow\",\"Principal\":{\"Service\":\"ec2.amazonaws.com\"}}],\"Version\":\"2012-10-17\"}",
            "create_date": "2025-06-22T13:25:04Z",
            "description": "",
            "force_detach_policies": false,
            "id": "ec2-cloudwatch-role",
            "inline_policy": [],
            "managed_policy_arns": [],
            "max_session_duration": 3600,
            "name": "ec2-cloudwatch-role",
            "name_prefix": "",
            "path": "/",
            "permissions_boundary": "",
            "tags": {},
            "tags_all": {},
            "unique_id": "AROA2IDZ7KGTFX5UP2ECV"
          },
          "sensitive_attributes": [],
          "private": "eyJzY2hlbWFfdmVyc2lvbiI6IjAifQ==",
          "create_before_destroy": true
        }
      ]
    },
    {
      "module": "module.ec2",
      "mode": "managed",
      "type": "aws_key_pair",
      "name": "key_pair",
      "provider": "provider[\"registry.terraform.io/hashicorp/aws\"]",
      "instances": [
        {
          "schema_version": 1,
          "attributes": {
            "arn": "arn:aws:ec2:us-east-1:704630444454:key-pair/pemkey",
            "fingerprint": "02:02:a3:75:7c:38:b5:ac:20:e8:b5:ed:7f:0b:80:8f",
            "id": "pemkey",
            "key_name": "pemkey",
            "key_name_prefix": "",
            "key_pair_id": "key-040b261ed19c84e47",
            "key_type": "rsa",
            "public_key": null,
            "region": "us-east-1",
            "tags": {},
            "tags_all": {}
          },
          "sensitive_attributes": [],
          "private": "eyJzY2hlbWFfdmVyc2lvbiI6IjEifQ==",
          "dependencies": [
            "module.ec2.tls_private_key.rsa_4096"
          ],
          "create_before_destroy": true
        }
      ]
    },
    {
      "module": "module.ec2",
      "mode": "managed",
      "type": "aws_security_group",
      "name": "efs_sg",
      "provider": "provider[\"registry.terraform.io/hashicorp/aws\"]",
      "instances": [
        {
          "schema_version": 1,
          "attributes": {
            "arn": "arn:aws:ec2:us-east-1:704630444454:security-group/sg-004d8af1c7fed5ec4",
            "description": "Allow NFS access",
            "egress": [
              {
                "cidr_blocks": [
                  "0.0.0.0/0"
                ],
                "description": "",
                "from_port": 0,
                "ipv6_cidr_blocks": [],
                "prefix_list_ids": [],
                "protocol": "-1",
                "security_groups": [],
                "self": false,
                "to_port": 0
              }
            ],
            "id": "sg-004d8af1c7fed5ec4",
            "ingress": [
              {
                "cidr_blocks": [
                  "0.0.0.0/0"
                ],
                "description": "",
                "from_port": 2049,
                "ipv6_cidr_blocks": [],
                "prefix_list_ids": [],
                "protocol": "tcp",
                "security_groups": [],
                "self": false,
                "to_port": 2049
              }
            ],
            "name": "efs-sg",
            "name_prefix": "",
            "owner_id": "704630444454",
            "region": "us-east-1",
            "revoke_rules_on_delete": false,
            "tags": {
              "Name": "efs-sg"
            },
            "tags_all": {
              "Name": "efs-sg"
            },
            "timeouts": null,
            "vpc_id": "vpc-039123de071721177"
          },
          "sensitive_attributes": [],
          "private": "eyJlMmJmYjczMC1lY2FhLTExZTYtOGY4OC0zNDM2M2JjN2M0YzAiOnsiY3JlYXRlIjo2MDAwMDAwMDAwMDAsImRlbGV0ZSI6OTAwMDAwMDAwMDAwfSwic2NoZW1hX3ZlcnNpb24iOiIxIn0=",
          "dependencies": [
            "aws_vpc.Terraform_VPC"
          ]
        }
      ]
    },
    {
      "module": "module.ec2",
      "mode": "managed",
      "type": "local_file",
      "name": "private_key",
      "provider": "provider[\"registry.terraform.io/hashicorp/local\"]",
      "instances": [
        {
          "schema_version": 0,
          "attributes": {
            "content": "-----BEGIN RSA PRIVATE KEY-----\nMIIJKAIBAAKCAgEA0IddkzbbQM4n9ZvAPH8ohGgacPiaBQR+DxqfRzDjZirWSy5C\nUnYz6ECHK4Rbqh6ep1wP/uAZHoJ/6mKAI+D55lfSDBshXQgwn5wrG0tWj1DsspyC\nJe4QFEK1g4kmEywz/45a/H00wWsAqOhAGHd7JbN7j9bjGIOvB1Hbd3C/DN4LmJ+s\n/6qjNEOR9rNubkbz5TyPef/dd3PML6LiJ8uIdKx6Alq/uJRirjwV1DtPD4iJtf7G\ncpe/HVATHmsTgfJq1dvKsCFUomrzKj2ePzC+MwroXmHEqK97A6rUy+PA5IWcEBZK\n5ewl0FeIwNxy7miXEbtPgw2m70KaU/xhOy5hue0sNffmS/HbczdDnoUWUactqZW/\nL/3Pq2ovhCi+rt84vjuwGgWlF3qr+trdyw2q1s7IsDeBJIAPMpXeavqMXZruJuKm\nZCYKyUlBQDylc/+KKYY/11A8cfnNcWri+WLEUCKG29T80bSkBJAnF9fOe7u/D3oi\nBCu99O8XBtxKyfkEoaPU7/pSva+GFFX7AQGsKWbc4bG8vYbCqT25IjDZw7D7FD0S\nKywwKQrD8pD6KeX1mwQqkL6jxpvbXjM5nI2mE5yv19CC3GarnSKAoda+2pk0ltQJ\nfaTuFXfie8ozGRoSdQ+jJhbICvj4pOl6c1h0H2FCLb+XAeLU3ZFstAw5sk0CAwEA\nAQKCAgAQNfG/k8RkK5KeLJM7cLwu3OPvU9gvWyvMk0p+D44h/2ME2a4EuJUs8TVA\n3At/NF2rj4Pb0cKKJWV5zFn/UApFTp7w23wSviP/iHWua8MpJYadFP8mITVlSdFQ\nDi2kUGujaobmuXoMLjwRJWr0K/eqFOOeaTtiyLvm0wV/acekYa+fmAwsHPEOi1Ex\nzz2eu4vSzowt1Qb7tggRzPUNWGx9e3oJrFHasMhiGKAuzUSGZdwkxo9ZUbQk/Hhc\nBUFxOO32vZ0qZ5DrhmpsZnlimrCyiZ7KVYni/i9PN+zOg+BXM47QDleYu6yt31wt\neAXERGO4GGpkOv+2+mPCcyyA3AhzNnPYSuHhJUF68E147UJ2RvQAwM4EE+LlpE53\n5J4gFfr8lkJlJ3SRqBREiB2J5unT0f8SXUVTJPwavGkU5762R5/8oRqpsMehEofd\nP0Ky3mIQoSQ9V5CsivhVRo1tkNZNLP7qQSzJ6Cww40I0y6Lurg6GO68QI0OM0+6Q\ntdK3ptaa6N2kcq/z2pAKzICCTk1JQOtEQGuzxUtmIjAnUsi1fZCd6qqewk1nnCol\ncs2CtoCktehpVMb6ihwp+u/gkDI2PGZrHIA0lr8J1zV9Yl0oa8wvT5SEobbU6yEO\nM0K7upTVzoR0qBd0A17Z0TiPxOFi7VnkRjB+6ajiPBW7LMV0QQKCAQEA+kZsv/eA\ngA0eKR0WYXOo1I0+kTIFQttSYpysSXMavAqPy6WfG/1XeeUmjUgHC+Fr2uZveCWI\nEHTU3fhjV+evK3Dut0C+KrkvlkhdftD3gMq1QgfuD+ItjwO9E8i+WGeh8rK+rd0c\noR8WPoQMqySCNBHM1eI6oqzd4L0nu56/Vg8mX8P8p2jtpr7zor0/mQUTZA9rvskb\nueivo4ric6RTZXjMl3rkdpFKyfR5ityw5mJZD8oPeEVB5znPY8qIB7Uugs0WaxCM\niNjq3MT68/whV/MbCjHmypZMTxROLGvgW0rJeGuSbHlrL/kPcMfzl8NMq33KQVY4\nzgkEHhKu7PFwQQKCAQEA1Ux67v1NZ1kelcLg/aQdY62PXoGw8nRXD0f2yGtDIfVP\nYBNabCZxuNnK0x1ySAWNe1UJ2NyWwUSut5GMIosNw4ca/wBCNHwUa9y4bTXMGJjw\nR74JMZQ1yayvwsksy2IRn/bsS30QSl9UeaeQMDUh96s8YBK5U55oS4uynRoPdSHw\nOBeRQuOnvBrcL2AieNC2p8pMkreGqqMB7Sz0W6NxQtK9drU3D6gK9Sl8aw1uJOds\nsBJOsOQ8q8CLLMBRe5BFlXZlPvDYEMsEQ65ummBmRdxXgj9j/Y5Pf7XUQoTbfp9z\n2SEILMuPYCNWm5zuQCLu1jx/7epNyloRjcigo5c/DQKCAQEAvpcq8fWVUe6rbTvN\nc2EUzOjTINcq0oMa9iXBvh192n1gjAEQbcw79YPgG+8iDpYYAJdDhAdw2rdd87vY\nS3UQHNDfuYYAS6DC8HsjWBPip5228xX+4PGpKCP8tThGXCRvW9drBhRAXSLDWdBN\npXckAGsdxjOF26QxQ5hIzcRSiUL4Qi2KFiL99+Gqv9/Gssz+u1BTCPM1vhnIx45Y\nbSBSsg+QHjtkCDcU8T7P4EO4I3n5wOBrb3eufFu155Swis4bIVj1HYt4ui4WjREk\n2vDCo6tqiBUAYH6clgwsi/+K13rYem/RDfJZAit06roacxQzKtWcVK1IjP6ouA4a\nUC59AQKCAQAJuLmlqN/dRP+S3dX5WYCJaYCuUwTomArbxHDoA5OEubSLcXZelYX7\nYdnPs3jg9XfUVjTjsHIijunTrguQC3xuG/tMAgwCbmFT5TR2rcwGlvnkmzG6E8I7\n1eYQ37Bt+KNLAisU6bdTXHLyNIPq3pEUw7Y1vsS5ne+s+coDRQvNT+Wt+M0DGnMr\nrKG6eww3K3QXw62nxjuaDWHqGHFut81SuV4vSeUfjo4pTGHCU1Ng1Tdr8vmpME3f\nmh/9wyozkojJXiMRMlL2uPoRx6J84MXoizll01PQW6sd7ACno3yJkeTq0YmY2RJI\n1HN/FjD5tV3jX9CI3HP9NAu2xZ0kt6EFAoIBACL/8qQ3i6/GVmtwuLxQ1xyDfEK7\nTMM9AUps+kzq267w+P+Cjb/iTPmfx3+CfeEDqQ6EjmjmpuhJ8bPXT/XgSNHVO4fI\nGiarigrwFnvI5vqtR2YTXrrvhtnrDl4WGY7hn5VciHxLSiyU+V5QwoH4Hy2pP05+\nLexWDPuYEdQDdnhY/AdAD2LqhDZyibXZ5aiYQAobNRYHXoaHyAQkKwehkbEj6PxN\nv4sXWhWq6uLCceXxgPzsyAePugA7CEQzxBtDSje/s6lh3TiAA9cuKpv6hE2DGeBc\nLx1S2VNChgZpT19SV31nifXqjPPbsYpa0oTbOYX/Qa3GVBzT/My1UX7jq5s=\n-----END RSA PRIVATE KEY-----\n",
            "content_base64": null,
            "content_base64sha256": "/Kzc3tCeKMnNRgL7yFyXccOMvbCOLCvZx03LqrqOSMQ=",
            "content_base64sha512": "cguFrgmOKU7L0EKDLqB0EkAE6MU9Ahv5oSmhmwOXhxX5bCtVskJmvJvg2R6Pllu03MyfsXPJ1v9b+mvPDLN/WQ==",
            "content_md5": "4fcbc0159259383741b86c887b11f9fa",
            "content_sha1": "ff64f00c182ae68316a6fd085fa2d63ff0a38e54",
            "content_sha256": "fcacdcded09e28c9cd4602fbc85c9771c38cbdb08e2c2bd9c74dcbaaba8e48c4",
            "content_sha512": "720b85ae098e294ecbd042832ea074124004e8c53d021bf9a129a19b03978715f96c2b55b24266bc9be0d91e8f965bb4dccc9fb173c9d6ff5bfa6bcf0cb37f59",
            "directory_permission": "0700",
            "file_permission": "0600",
            "filename": "pemkey.pem",
            "id": "ff64f00c182ae68316a6fd085fa2d63ff0a38e54",
            "sensitive_content": null,
            "source": null
          },
          "sensitive_attributes": [
            [
              {
                "type": "get_attr",
                "value": "content"
              }
            ],
            [
              {
                "type": "get_attr",
                "value": "sensitive_content"
              }
            ]
          ],
          "dependencies": [
            "module.ec2.tls_private_key.rsa_4096"
          ]
        }
      ]
    },
    {
      "module": "module.ec2",
      "mode": "managed",
      "type": "tls_private_key",
      "name": "rsa_4096",
      "provider": "provider[\"registry.terraform.io/hashicorp/tls\"]",
      "instances": [
        {
          "schema_version": 1,
          "attributes": {
            "algorithm": "RSA",
            "ecdsa_curve": "P224",
            "id": "ffe98ce6f95515ca9777533797c946b67526d318",
            "private_key_openssh": "-----BEGIN OPENSSH PRIVATE KEY-----\nb3BlbnNzaC1rZXktdjEAAAAABG5vbmUAAAAEbm9uZQAAAAAAAAABAAACFwAAAAdz\nc2gtcnNhAAAAAwEAAQAAAgEA0IddkzbbQM4n9ZvAPH8ohGgacPiaBQR+DxqfRzDj\nZirWSy5CUnYz6ECHK4Rbqh6ep1wP/uAZHoJ/6mKAI+D55lfSDBshXQgwn5wrG0tW\nj1DsspyCJe4QFEK1g4kmEywz/45a/H00wWsAqOhAGHd7JbN7j9bjGIOvB1Hbd3C/\nDN4LmJ+s/6qjNEOR9rNubkbz5TyPef/dd3PML6LiJ8uIdKx6Alq/uJRirjwV1DtP\nD4iJtf7Gcpe/HVATHmsTgfJq1dvKsCFUomrzKj2ePzC+MwroXmHEqK97A6rUy+PA\n5IWcEBZK5ewl0FeIwNxy7miXEbtPgw2m70KaU/xhOy5hue0sNffmS/HbczdDnoUW\nUactqZW/L/3Pq2ovhCi+rt84vjuwGgWlF3qr+trdyw2q1s7IsDeBJIAPMpXeavqM\nXZruJuKmZCYKyUlBQDylc/+KKYY/11A8cfnNcWri+WLEUCKG29T80bSkBJAnF9fO\ne7u/D3oiBCu99O8XBtxKyfkEoaPU7/pSva+GFFX7AQGsKWbc4bG8vYbCqT25IjDZ\nw7D7FD0SKywwKQrD8pD6KeX1mwQqkL6jxpvbXjM5nI2mE5yv19CC3GarnSKAoda+\n2pk0ltQJfaTuFXfie8ozGRoSdQ+jJhbICvj4pOl6c1h0H2FCLb+XAeLU3ZFstAw5\nsk0AAAc41Wqr0tVqq9IAAAAHc3NoLXJzYQAAAgEA0IddkzbbQM4n9ZvAPH8ohGga\ncPiaBQR+DxqfRzDjZirWSy5CUnYz6ECHK4Rbqh6ep1wP/uAZHoJ/6mKAI+D55lfS\nDBshXQgwn5wrG0tWj1DsspyCJe4QFEK1g4kmEywz/45a/H00wWsAqOhAGHd7JbN7\nj9bjGIOvB1Hbd3C/DN4LmJ+s/6qjNEOR9rNubkbz5TyPef/dd3PML6LiJ8uIdKx6\nAlq/uJRirjwV1DtPD4iJtf7Gcpe/HVATHmsTgfJq1dvKsCFUomrzKj2ePzC+Mwro\nXmHEqK97A6rUy+PA5IWcEBZK5ewl0FeIwNxy7miXEbtPgw2m70KaU/xhOy5hue0s\nNffmS/HbczdDnoUWUactqZW/L/3Pq2ovhCi+rt84vjuwGgWlF3qr+trdyw2q1s7I\nsDeBJIAPMpXeavqMXZruJuKmZCYKyUlBQDylc/+KKYY/11A8cfnNcWri+WLEUCKG\n29T80bSkBJAnF9fOe7u/D3oiBCu99O8XBtxKyfkEoaPU7/pSva+GFFX7AQGsKWbc\n4bG8vYbCqT25IjDZw7D7FD0SKywwKQrD8pD6KeX1mwQqkL6jxpvbXjM5nI2mE5yv\n19CC3GarnSKAoda+2pk0ltQJfaTuFXfie8ozGRoSdQ+jJhbICvj4pOl6c1h0H2FC\nLb+XAeLU3ZFstAw5sk0AAAADAQABAAACABA18b+TxGQrkp4skztwvC7c4+9T2C9b\nK8yTSn4PjiH/YwTZrgS4lSzxNUDcC380XauPg9vRwoolZXnMWf9QCkVOnvDbfBK+\nI/+Ida5rwyklhp0U/yYhNWVJ0VAOLaRQa6Nqhua5egwuPBElavQr96oU455pO2LI\nu+bTBX9px6Rhr5+YDCwc8Q6LUTHPPZ67i9LOjC3VBvu2CBHM9Q1YbH17egmsUdqw\nyGIYoC7NRIZl3CTGj1lRtCT8eFwFQXE47fa9nSpnkOuGamxmeWKasLKJnspVieL+\nL0837M6D4FczjtAOV5i7rK3fXC14BcREY7gYamQ6/7b6Y8JzLIDcCHM2c9hK4eEl\nQXrwTXjtQnZG9ADAzgQT4uWkTnfkniAV+vyWQmUndJGoFESIHYnm6dPR/xJdRVMk\n/Bq8aRTnvrZHn/yhGqmwx6ESh90/QrLeYhChJD1XkKyK+FVGjW2Q1k0s/upBLMno\nLDDjQjTLou6uDoY7rxAjQ4zT7pC10rem1pro3aRyr/PakArMgIJOTUlA60RAa7PF\nS2YiMCdSyLV9kJ3qqp7CTWecKiVyzYK2gKS16GlUxvqKHCn67+CQMjY8ZmscgDSW\nvwnXNX1iXShrzC9PlIShttTrIQ4zQru6lNXOhHSoF3QDXtnROI/E4WLtWeRGMH7p\nqOI8FbssxXRBAAABACL/8qQ3i6/GVmtwuLxQ1xyDfEK7TMM9AUps+kzq267w+P+C\njb/iTPmfx3+CfeEDqQ6EjmjmpuhJ8bPXT/XgSNHVO4fIGiarigrwFnvI5vqtR2YT\nXrrvhtnrDl4WGY7hn5VciHxLSiyU+V5QwoH4Hy2pP05+LexWDPuYEdQDdnhY/AdA\nD2LqhDZyibXZ5aiYQAobNRYHXoaHyAQkKwehkbEj6PxNv4sXWhWq6uLCceXxgPzs\nyAePugA7CEQzxBtDSje/s6lh3TiAA9cuKpv6hE2DGeBcLx1S2VNChgZpT19SV31n\nifXqjPPbsYpa0oTbOYX/Qa3GVBzT/My1UX7jq5sAAAEBAPpGbL/3gIANHikdFmFz\nqNSNPpEyBULbUmKcrElzGrwKj8ulnxv9V3nlJo1IBwvha9rmb3gliBB01N34Y1fn\nrytw7rdAviq5L5ZIXX7Q94DKtUIH7g/iLY8DvRPIvlhnofKyvq3dHKEfFj6EDKsk\ngjQRzNXiOqKs3eC9J7uev1YPJl/D/Kdo7aa+86K9P5kFE2QPa77JG7nor6OK4nOk\nU2V4zJd65HaRSsn0eYrcsOZiWQ/KD3hFQec5z2PKiAe1LoLNFmsQjIjY6tzE+vP8\nIVfzGwox5sqWTE8UTixr4FtKyXhrkmx5ay/5D3DH85fDTKt9ykFWOM4JBB4Sruzx\ncEEAAAEBANVMeu79TWdZHpXC4P2kHWOtj16BsPJ0Vw9H9shrQyH1T2ATWmwmcbjZ\nytMdckgFjXtVCdjclsFErreRjCKLDcOHGv8AQjR8FGvcuG01zBiY8Ee+CTGUNcms\nr8LJLMtiEZ/27Et9EEpfVHmnkDA1IferPGASuVOeaEuLsp0aD3Uh8DgXkULjp7wa\n3C9gInjQtqfKTJK3hqqjAe0s9FujcULSvXa1Nw+oCvUpfGsNbiTnbLASTrDkPKvA\niyzAUXuQRZV2ZT7w2BDLBEOubppgZkXcV4I/Y/2OT3+11EKE236fc9khCCzLj2Aj\nVpuc7kAi7tY8f+3qTcpaEY3IoKOXPw0AAAAAAQID\n-----END OPENSSH PRIVATE KEY-----\n",
            "private_key_pem": "-----BEGIN RSA PRIVATE KEY-----\nMIIJKAIBAAKCAgEA0IddkzbbQM4n9ZvAPH8ohGgacPiaBQR+DxqfRzDjZirWSy5C\nUnYz6ECHK4Rbqh6ep1wP/uAZHoJ/6mKAI+D55lfSDBshXQgwn5wrG0tWj1DsspyC\nJe4QFEK1g4kmEywz/45a/H00wWsAqOhAGHd7JbN7j9bjGIOvB1Hbd3C/DN4LmJ+s\n/6qjNEOR9rNubkbz5TyPef/dd3PML6LiJ8uIdKx6Alq/uJRirjwV1DtPD4iJtf7G\ncpe/HVATHmsTgfJq1dvKsCFUomrzKj2ePzC+MwroXmHEqK97A6rUy+PA5IWcEBZK\n5ewl0FeIwNxy7miXEbtPgw2m70KaU/xhOy5hue0sNffmS/HbczdDnoUWUactqZW/\nL/3Pq2ovhCi+rt84vjuwGgWlF3qr+trdyw2q1s7IsDeBJIAPMpXeavqMXZruJuKm\nZCYKyUlBQDylc/+KKYY/11A8cfnNcWri+WLEUCKG29T80bSkBJAnF9fOe7u/D3oi\nBCu99O8XBtxKyfkEoaPU7/pSva+GFFX7AQGsKWbc4bG8vYbCqT25IjDZw7D7FD0S\nKywwKQrD8pD6KeX1mwQqkL6jxpvbXjM5nI2mE5yv19CC3GarnSKAoda+2pk0ltQJ\nfaTuFXfie8ozGRoSdQ+jJhbICvj4pOl6c1h0H2FCLb+XAeLU3ZFstAw5sk0CAwEA\nAQKCAgAQNfG/k8RkK5KeLJM7cLwu3OPvU9gvWyvMk0p+D44h/2ME2a4EuJUs8TVA\n3At/NF2rj4Pb0cKKJWV5zFn/UApFTp7w23wSviP/iHWua8MpJYadFP8mITVlSdFQ\nDi2kUGujaobmuXoMLjwRJWr0K/eqFOOeaTtiyLvm0wV/acekYa+fmAwsHPEOi1Ex\nzz2eu4vSzowt1Qb7tggRzPUNWGx9e3oJrFHasMhiGKAuzUSGZdwkxo9ZUbQk/Hhc\nBUFxOO32vZ0qZ5DrhmpsZnlimrCyiZ7KVYni/i9PN+zOg+BXM47QDleYu6yt31wt\neAXERGO4GGpkOv+2+mPCcyyA3AhzNnPYSuHhJUF68E147UJ2RvQAwM4EE+LlpE53\n5J4gFfr8lkJlJ3SRqBREiB2J5unT0f8SXUVTJPwavGkU5762R5/8oRqpsMehEofd\nP0Ky3mIQoSQ9V5CsivhVRo1tkNZNLP7qQSzJ6Cww40I0y6Lurg6GO68QI0OM0+6Q\ntdK3ptaa6N2kcq/z2pAKzICCTk1JQOtEQGuzxUtmIjAnUsi1fZCd6qqewk1nnCol\ncs2CtoCktehpVMb6ihwp+u/gkDI2PGZrHIA0lr8J1zV9Yl0oa8wvT5SEobbU6yEO\nM0K7upTVzoR0qBd0A17Z0TiPxOFi7VnkRjB+6ajiPBW7LMV0QQKCAQEA+kZsv/eA\ngA0eKR0WYXOo1I0+kTIFQttSYpysSXMavAqPy6WfG/1XeeUmjUgHC+Fr2uZveCWI\nEHTU3fhjV+evK3Dut0C+KrkvlkhdftD3gMq1QgfuD+ItjwO9E8i+WGeh8rK+rd0c\noR8WPoQMqySCNBHM1eI6oqzd4L0nu56/Vg8mX8P8p2jtpr7zor0/mQUTZA9rvskb\nueivo4ric6RTZXjMl3rkdpFKyfR5ityw5mJZD8oPeEVB5znPY8qIB7Uugs0WaxCM\niNjq3MT68/whV/MbCjHmypZMTxROLGvgW0rJeGuSbHlrL/kPcMfzl8NMq33KQVY4\nzgkEHhKu7PFwQQKCAQEA1Ux67v1NZ1kelcLg/aQdY62PXoGw8nRXD0f2yGtDIfVP\nYBNabCZxuNnK0x1ySAWNe1UJ2NyWwUSut5GMIosNw4ca/wBCNHwUa9y4bTXMGJjw\nR74JMZQ1yayvwsksy2IRn/bsS30QSl9UeaeQMDUh96s8YBK5U55oS4uynRoPdSHw\nOBeRQuOnvBrcL2AieNC2p8pMkreGqqMB7Sz0W6NxQtK9drU3D6gK9Sl8aw1uJOds\nsBJOsOQ8q8CLLMBRe5BFlXZlPvDYEMsEQ65ummBmRdxXgj9j/Y5Pf7XUQoTbfp9z\n2SEILMuPYCNWm5zuQCLu1jx/7epNyloRjcigo5c/DQKCAQEAvpcq8fWVUe6rbTvN\nc2EUzOjTINcq0oMa9iXBvh192n1gjAEQbcw79YPgG+8iDpYYAJdDhAdw2rdd87vY\nS3UQHNDfuYYAS6DC8HsjWBPip5228xX+4PGpKCP8tThGXCRvW9drBhRAXSLDWdBN\npXckAGsdxjOF26QxQ5hIzcRSiUL4Qi2KFiL99+Gqv9/Gssz+u1BTCPM1vhnIx45Y\nbSBSsg+QHjtkCDcU8T7P4EO4I3n5wOBrb3eufFu155Swis4bIVj1HYt4ui4WjREk\n2vDCo6tqiBUAYH6clgwsi/+K13rYem/RDfJZAit06roacxQzKtWcVK1IjP6ouA4a\nUC59AQKCAQAJuLmlqN/dRP+S3dX5WYCJaYCuUwTomArbxHDoA5OEubSLcXZelYX7\nYdnPs3jg9XfUVjTjsHIijunTrguQC3xuG/tMAgwCbmFT5TR2rcwGlvnkmzG6E8I7\n1eYQ37Bt+KNLAisU6bdTXHLyNIPq3pEUw7Y1vsS5ne+s+coDRQvNT+Wt+M0DGnMr\nrKG6eww3K3QXw62nxjuaDWHqGHFut81SuV4vSeUfjo4pTGHCU1Ng1Tdr8vmpME3f\nmh/9wyozkojJXiMRMlL2uPoRx6J84MXoizll01PQW6sd7ACno3yJkeTq0YmY2RJI\n1HN/FjD5tV3jX9CI3HP9NAu2xZ0kt6EFAoIBACL/8qQ3i6/GVmtwuLxQ1xyDfEK7\nTMM9AUps+kzq267w+P+Cjb/iTPmfx3+CfeEDqQ6EjmjmpuhJ8bPXT/XgSNHVO4fI\nGiarigrwFnvI5vqtR2YTXrrvhtnrDl4WGY7hn5VciHxLSiyU+V5QwoH4Hy2pP05+\nLexWDPuYEdQDdnhY/AdAD2LqhDZyibXZ5aiYQAobNRYHXoaHyAQkKwehkbEj6PxN\nv4sXWhWq6uLCceXxgPzsyAePugA7CEQzxBtDSje/s6lh3TiAA9cuKpv6hE2DGeBc\nLx1S2VNChgZpT19SV31nifXqjPPbsYpa0oTbOYX/Qa3GVBzT/My1UX7jq5s=\n-----END RSA PRIVATE KEY-----\n",
            "private_key_pem_pkcs8": "-----BEGIN PRIVATE KEY-----\nMIIJQgIBADANBgkqhkiG9w0BAQEFAASCCSwwggkoAgEAAoICAQDQh12TNttAzif1\nm8A8fyiEaBpw+JoFBH4PGp9HMONmKtZLLkJSdjPoQIcrhFuqHp6nXA/+4Bkegn/q\nYoAj4PnmV9IMGyFdCDCfnCsbS1aPUOyynIIl7hAUQrWDiSYTLDP/jlr8fTTBawCo\n6EAYd3sls3uP1uMYg68HUdt3cL8M3guYn6z/qqM0Q5H2s25uRvPlPI95/913c8wv\nouIny4h0rHoCWr+4lGKuPBXUO08PiIm1/sZyl78dUBMeaxOB8mrV28qwIVSiavMq\nPZ4/ML4zCuheYcSor3sDqtTL48DkhZwQFkrl7CXQV4jA3HLuaJcRu0+DDabvQppT\n/GE7LmG57Sw19+ZL8dtzN0OehRZRpy2plb8v/c+rai+EKL6u3zi+O7AaBaUXeqv6\n2t3LDarWzsiwN4EkgA8yld5q+oxdmu4m4qZkJgrJSUFAPKVz/4ophj/XUDxx+c1x\nauL5YsRQIobb1PzRtKQEkCcX1857u78PeiIEK7307xcG3ErJ+QSho9Tv+lK9r4YU\nVfsBAawpZtzhsby9hsKpPbkiMNnDsPsUPRIrLDApCsPykPop5fWbBCqQvqPGm9te\nMzmcjaYTnK/X0ILcZqudIoCh1r7amTSW1Al9pO4Vd+J7yjMZGhJ1D6MmFsgK+Pik\n6XpzWHQfYUItv5cB4tTdkWy0DDmyTQIDAQABAoICABA18b+TxGQrkp4skztwvC7c\n4+9T2C9bK8yTSn4PjiH/YwTZrgS4lSzxNUDcC380XauPg9vRwoolZXnMWf9QCkVO\nnvDbfBK+I/+Ida5rwyklhp0U/yYhNWVJ0VAOLaRQa6Nqhua5egwuPBElavQr96oU\n455pO2LIu+bTBX9px6Rhr5+YDCwc8Q6LUTHPPZ67i9LOjC3VBvu2CBHM9Q1YbH17\negmsUdqwyGIYoC7NRIZl3CTGj1lRtCT8eFwFQXE47fa9nSpnkOuGamxmeWKasLKJ\nnspVieL+L0837M6D4FczjtAOV5i7rK3fXC14BcREY7gYamQ6/7b6Y8JzLIDcCHM2\nc9hK4eElQXrwTXjtQnZG9ADAzgQT4uWkTnfkniAV+vyWQmUndJGoFESIHYnm6dPR\n/xJdRVMk/Bq8aRTnvrZHn/yhGqmwx6ESh90/QrLeYhChJD1XkKyK+FVGjW2Q1k0s\n/upBLMnoLDDjQjTLou6uDoY7rxAjQ4zT7pC10rem1pro3aRyr/PakArMgIJOTUlA\n60RAa7PFS2YiMCdSyLV9kJ3qqp7CTWecKiVyzYK2gKS16GlUxvqKHCn67+CQMjY8\nZmscgDSWvwnXNX1iXShrzC9PlIShttTrIQ4zQru6lNXOhHSoF3QDXtnROI/E4WLt\nWeRGMH7pqOI8FbssxXRBAoIBAQD6Rmy/94CADR4pHRZhc6jUjT6RMgVC21JinKxJ\ncxq8Co/LpZ8b/Vd55SaNSAcL4Wva5m94JYgQdNTd+GNX568rcO63QL4quS+WSF1+\n0PeAyrVCB+4P4i2PA70TyL5YZ6Hysr6t3RyhHxY+hAyrJII0EczV4jqirN3gvSe7\nnr9WDyZfw/ynaO2mvvOivT+ZBRNkD2u+yRu56K+jiuJzpFNleMyXeuR2kUrJ9HmK\n3LDmYlkPyg94RUHnOc9jyogHtS6CzRZrEIyI2OrcxPrz/CFX8xsKMebKlkxPFE4s\na+BbSsl4a5JseWsv+Q9wx/OXw0yrfcpBVjjOCQQeEq7s8XBBAoIBAQDVTHru/U1n\nWR6VwuD9pB1jrY9egbDydFcPR/bIa0Mh9U9gE1psJnG42crTHXJIBY17VQnY3JbB\nRK63kYwiiw3Dhxr/AEI0fBRr3LhtNcwYmPBHvgkxlDXJrK/CySzLYhGf9uxLfRBK\nX1R5p5AwNSH3qzxgErlTnmhLi7KdGg91IfA4F5FC46e8GtwvYCJ40LanykySt4aq\nowHtLPRbo3FC0r12tTcPqAr1KXxrDW4k52ywEk6w5DyrwIsswFF7kEWVdmU+8NgQ\nywRDrm6aYGZF3FeCP2P9jk9/tdRChNt+n3PZIQgsy49gI1abnO5AIu7WPH/t6k3K\nWhGNyKCjlz8NAoIBAQC+lyrx9ZVR7qttO81zYRTM6NMg1yrSgxr2JcG+HX3afWCM\nARBtzDv1g+Ab7yIOlhgAl0OEB3Dat13zu9hLdRAc0N+5hgBLoMLweyNYE+Knnbbz\nFf7g8akoI/y1OEZcJG9b12sGFEBdIsNZ0E2ldyQAax3GM4XbpDFDmEjNxFKJQvhC\nLYoWIv334aq/38ayzP67UFMI8zW+GcjHjlhtIFKyD5AeO2QINxTxPs/gQ7gjefnA\n4Gtvd658W7XnlLCKzhshWPUdi3i6LhaNESTa8MKjq2qIFQBgfpyWDCyL/4rXeth6\nb9EN8lkCK3TquhpzFDMq1ZxUrUiM/qi4DhpQLn0BAoIBAAm4uaWo391E/5Ld1flZ\ngIlpgK5TBOiYCtvEcOgDk4S5tItxdl6Vhfth2c+zeOD1d9RWNOOwciKO6dOuC5AL\nfG4b+0wCDAJuYVPlNHatzAaW+eSbMboTwjvV5hDfsG34o0sCKxTpt1NccvI0g+re\nkRTDtjW+xLmd76z5ygNFC81P5a34zQMacyusobp7DDcrdBfDrafGO5oNYeoYcW63\nzVK5Xi9J5R+OjilMYcJTU2DVN2vy+akwTd+aH/3DKjOSiMleIxEyUva4+hHHonzg\nxeiLOWXTU9Bbqx3sAKejfImR5OrRiZjZEkjUc38WMPm1XeNf0Ijcc/00C7bFnSS3\noQUCggEAIv/ypDeLr8ZWa3C4vFDXHIN8QrtMwz0BSmz6TOrbrvD4/4KNv+JM+Z/H\nf4J94QOpDoSOaOam6Enxs9dP9eBI0dU7h8gaJquKCvAWe8jm+q1HZhNeuu+G2esO\nXhYZjuGflVyIfEtKLJT5XlDCgfgfLak/Tn4t7FYM+5gR1AN2eFj8B0APYuqENnKJ\ntdnlqJhAChs1FgdehofIBCQrB6GRsSPo/E2/ixdaFarq4sJx5fGA/OzIB4+6ADsI\nRDPEG0NKN7+zqWHdOIAD1y4qm/qETYMZ4FwvHVLZU0KGBmlPX1JXfWeJ9eqM89ux\nilrShNs5hf9BrcZUHNP8zLVRfuOrmw==\n-----END PRIVATE KEY-----\n",
            "public_key_fingerprint_md5": "ea:10:5d:eb:2d:8e:06:9e:59:2f:46:b6:cd:42:f6:de",
            "public_key_fingerprint_sha256": "SHA256:ctc6CQx4Ai+oW1eALeWBg9HS7bjYkevTc3b8Gq9ivq8",
            "public_key_openssh": "ssh-rsa AAAAB3NzaC1yc2EAAAADAQABAAACAQDQh12TNttAzif1m8A8fyiEaBpw+JoFBH4PGp9HMONmKtZLLkJSdjPoQIcrhFuqHp6nXA/+4Bkegn/qYoAj4PnmV9IMGyFdCDCfnCsbS1aPUOyynIIl7hAUQrWDiSYTLDP/jlr8fTTBawCo6EAYd3sls3uP1uMYg68HUdt3cL8M3guYn6z/qqM0Q5H2s25uRvPlPI95/913c8wvouIny4h0rHoCWr+4lGKuPBXUO08PiIm1/sZyl78dUBMeaxOB8mrV28qwIVSiavMqPZ4/ML4zCuheYcSor3sDqtTL48DkhZwQFkrl7CXQV4jA3HLuaJcRu0+DDabvQppT/GE7LmG57Sw19+ZL8dtzN0OehRZRpy2plb8v/c+rai+EKL6u3zi+O7AaBaUXeqv62t3LDarWzsiwN4EkgA8yld5q+oxdmu4m4qZkJgrJSUFAPKVz/4ophj/XUDxx+c1xauL5YsRQIobb1PzRtKQEkCcX1857u78PeiIEK7307xcG3ErJ+QSho9Tv+lK9r4YUVfsBAawpZtzhsby9hsKpPbkiMNnDsPsUPRIrLDApCsPykPop5fWbBCqQvqPGm9teMzmcjaYTnK/X0ILcZqudIoCh1r7amTSW1Al9pO4Vd+J7yjMZGhJ1D6MmFsgK+Pik6XpzWHQfYUItv5cB4tTdkWy0DDmyTQ==\n",
            "public_key_pem": "-----BEGIN PUBLIC KEY-----\nMIICIjANBgkqhkiG9w0BAQEFAAOCAg8AMIICCgKCAgEA0IddkzbbQM4n9ZvAPH8o\nhGgacPiaBQR+DxqfRzDjZirWSy5CUnYz6ECHK4Rbqh6ep1wP/uAZHoJ/6mKAI+D5\n5lfSDBshXQgwn5wrG0tWj1DsspyCJe4QFEK1g4kmEywz/45a/H00wWsAqOhAGHd7\nJbN7j9bjGIOvB1Hbd3C/DN4LmJ+s/6qjNEOR9rNubkbz5TyPef/dd3PML6LiJ8uI\ndKx6Alq/uJRirjwV1DtPD4iJtf7Gcpe/HVATHmsTgfJq1dvKsCFUomrzKj2ePzC+\nMwroXmHEqK97A6rUy+PA5IWcEBZK5ewl0FeIwNxy7miXEbtPgw2m70KaU/xhOy5h\nue0sNffmS/HbczdDnoUWUactqZW/L/3Pq2ovhCi+rt84vjuwGgWlF3qr+trdyw2q\n1s7IsDeBJIAPMpXeavqMXZruJuKmZCYKyUlBQDylc/+KKYY/11A8cfnNcWri+WLE\nUCKG29T80bSkBJAnF9fOe7u/D3oiBCu99O8XBtxKyfkEoaPU7/pSva+GFFX7AQGs\nKWbc4bG8vYbCqT25IjDZw7D7FD0SKywwKQrD8pD6KeX1mwQqkL6jxpvbXjM5nI2m\nE5yv19CC3GarnSKAoda+2pk0ltQJfaTuFXfie8ozGRoSdQ+jJhbICvj4pOl6c1h0\nH2FCLb+XAeLU3ZFstAw5sk0CAwEAAQ==\n-----END PUBLIC KEY-----\n",
            "rsa_bits": 4096
          },
          "sensitive_attributes": [
            [
              {
                "type": "get_attr",
                "value": "private_key_pem"
              }
            ],
            [
              {
                "type": "get_attr",
                "value": "private_key_openssh"
              }
            ],
            [
              {
                "type": "get_attr",
                "value": "private_key_pem_pkcs8"
              }
            ]
          ],
          "create_before_destroy": true
        }
      ]
    },
    {
      "module": "module.eventbridge",
      "mode": "data",
      "type": "aws_caller_identity",
      "name": "current",
      "provider": "provider[\"registry.terraform.io/hashicorp/aws\"]",
      "instances": [
        {
          "schema_version": 0,
          "attributes": {
            "account_id": "704630444454",
            "arn": "arn:aws:iam::704630444454:user/emuser",
            "id": "704630444454",
            "user_id": "AIDA2IDZ7KGTMHS6TY2X2"
          },
          "sensitive_attributes": []
        }
      ]
    },
    {
      "module": "module.eventbridge",
      "mode": "data",
      "type": "aws_region",
      "name": "current",
      "provider": "provider[\"registry.terraform.io/hashicorp/aws\"]",
      "instances": [
        {
          "schema_version": 0,
          "attributes": {
            "description": "US East (N. Virginia)",
            "endpoint": "ec2.us-east-1.amazonaws.com",
            "id": "us-east-1",
            "name": "us-east-1",
            "region": "us-east-1"
          },
          "sensitive_attributes": []
        }
      ]
    },
    {
      "module": "module.eventbridge",
      "mode": "managed",
      "type": "aws_cloudwatch_event_rule",
      "name": "asg_termination_rule",
      "provider": "provider[\"registry.terraform.io/hashicorp/aws\"]",
      "instances": [
        {
          "schema_version": 1,
          "attributes": {
            "arn": "arn:aws:events:us-east-1:704630444454:rule/asg-instance-termination",
            "description": "Trigger Lambda on ASG instance termination",
            "event_bus_name": "default",
            "event_pattern": "{\"detail-type\":[\"EC2 Instance-terminate Lifecycle Action\"],\"source\":[\"aws.autoscaling\"]}",
            "force_destroy": false,
            "id": "asg-instance-termination",
            "is_enabled": true,
            "name": "asg-instance-termination",
            "name_prefix": "",
            "region": "us-east-1",
            "role_arn": "",
            "schedule_expression": "",
            "state": "ENABLED",
            "tags": {},
            "tags_all": {}
          },
          "sensitive_attributes": [],
          "private": "eyJzY2hlbWFfdmVyc2lvbiI6IjEifQ=="
        }
      ]
    },
    {
      "module": "module.eventbridge",
      "mode": "managed",
      "type": "aws_iam_policy",
      "name": "codebuild_admin_policy",
      "provider": "provider[\"registry.terraform.io/hashicorp/aws\"]",
      "instances": [
        {
          "schema_version": 0,
          "attributes": {
            "arn": "arn:aws:iam::704630444454:policy/codebuild-admin-access",
            "attachment_count": 1,
            "description": "",
            "id": "arn:aws:iam::704630444454:policy/codebuild-admin-access",
            "name": "codebuild-admin-access",
            "name_prefix": "",
            "path": "/",
            "policy": "{\"Statement\":[{\"Action\":\"*\",\"Effect\":\"Allow\",\"Resource\":\"*\"}],\"Version\":\"2012-10-17\"}",
            "policy_id": "ANPA2IDZ7KGTMZYJGRAOH",
            "tags": {},
            "tags_all": {}
          },
          "sensitive_attributes": [],
          "private": "bnVsbA=="
        }
      ]
    },
    {
      "module": "module.eventbridge",
      "mode": "managed",
      "type": "aws_iam_role",
      "name": "codebuild_role",
      "provider": "provider[\"registry.terraform.io/hashicorp/aws\"]",
      "instances": [
        {
          "schema_version": 0,
          "attributes": {
            "arn": "arn:aws:iam::704630444454:role/codebuild-service-role",
            "assume_role_policy": "{\"Statement\":[{\"Action\":\"sts:AssumeRole\",\"Effect\":\"Allow\",\"Principal\":{\"Service\":\"codebuild.amazonaws.com\"}}],\"Version\":\"2012-10-17\"}",
            "create_date": "2025-06-22T13:25:04Z",
            "description": "",
            "force_detach_policies": false,
            "id": "codebuild-service-role",
            "inline_policy": [
              {
                "name": "codebuild-logging",
                "policy": "{\"Version\":\"2012-10-17\",\"Statement\":[{\"Action\":[\"logs:CreateLogGroup\",\"logs:CreateLogStream\",\"logs:PutLogEvents\"],\"Effect\":\"Allow\",\"Resource\":\"arn:aws:logs:*:*:*\"}]}"
              }
            ],
            "managed_policy_arns": [
              "arn:aws:iam::704630444454:policy/codebuild-admin-access",
              "arn:aws:iam::704630444454:policy/codebuild-secretsmanager-access",
              "arn:aws:iam::aws:policy/AdministratorAccess",
              "arn:aws:iam::aws:policy/AmazonS3FullAccess",
              "arn:aws:iam::aws:policy/AmazonSSMManagedInstanceCore",
              "arn:aws:iam::aws:policy/service-role/AmazonEC2RoleforSSM"
            ],
            "max_session_duration": 3600,
            "name": "codebuild-service-role",
            "name_prefix": "",
            "path": "/",
            "permissions_boundary": "",
            "tags": {},
            "tags_all": {},
            "unique_id": "AROA2IDZ7KGTNEEKH3C5D"
          },
          "sensitive_attributes": [],
          "private": "eyJzY2hlbWFfdmVyc2lvbiI6IjAifQ=="
        }
      ]
    },
    {
      "module": "module.eventbridge",
      "mode": "managed",
      "type": "aws_iam_role",
      "name": "lambda_exec",
      "provider": "provider[\"registry.terraform.io/hashicorp/aws\"]",
      "instances": [
        {
          "schema_version": 0,
          "attributes": {
            "arn": "arn:aws:iam::704630444454:role/lambda-execution-role",
            "assume_role_policy": "{\"Statement\":[{\"Action\":\"sts:AssumeRole\",\"Effect\":\"Allow\",\"Principal\":{\"Service\":\"lambda.amazonaws.com\"}}],\"Version\":\"2012-10-17\"}",
            "create_date": "2025-06-22T13:25:04Z",
            "description": "",
            "force_detach_policies": false,
            "id": "lambda-execution-role",
            "inline_policy": [
              {
                "name": "lambda-start-codebuild",
                "policy": "{\"Version\":\"2012-10-17\",\"Statement\":[{\"Action\":\"codebuild:StartBuild\",\"Effect\":\"Allow\",\"Resource\":\"arn:aws:codebuild:us-east-1:704630444454:project/terraform-apply-github-project-logs\"}]}"
              }
            ],
            "managed_policy_arns": [
              "arn:aws:iam::aws:policy/service-role/AWSLambdaBasicExecutionRole"
            ],
            "max_session_duration": 3600,
            "name": "lambda-execution-role",
            "name_prefix": "",
            "path": "/",
            "permissions_boundary": "",
            "tags": {},
            "tags_all": {},
            "unique_id": "AROA2IDZ7KGTC7CLRY7VQ"
          },
          "sensitive_attributes": [],
          "private": "eyJzY2hlbWFfdmVyc2lvbiI6IjAifQ=="
        }
      ]
    },
    {
      "module": "module.eventbridge",
      "mode": "managed",
      "type": "aws_iam_role_policy",
      "name": "codebuild_logging",
      "provider": "provider[\"registry.terraform.io/hashicorp/aws\"]",
      "instances": [
        {
          "schema_version": 0,
          "attributes": {
            "id": "codebuild-service-role:codebuild-logging",
            "name": "codebuild-logging",
            "name_prefix": "",
            "policy": "{\"Version\":\"2012-10-17\",\"Statement\":[{\"Action\":[\"logs:CreateLogGroup\",\"logs:CreateLogStream\",\"logs:PutLogEvents\"],\"Effect\":\"Allow\",\"Resource\":\"arn:aws:logs:*:*:*\"}]}",
            "role": "codebuild-service-role"
          },
          "sensitive_attributes": [],
          "private": "bnVsbA==",
          "dependencies": [
            "module.eventbridge.aws_iam_role.codebuild_role"
          ]
        }
      ]
    },
    {
      "module": "module.eventbridge",
      "mode": "managed",
      "type": "aws_iam_role_policy_attachment",
      "name": "attach_secrets_access_to_cb_role",
      "provider": "provider[\"registry.terraform.io/hashicorp/aws\"]",
      "instances": [
        {
          "schema_version": 0,
          "attributes": {
            "id": "codebuild-service-role-20250622183325461000000001",
            "policy_arn": "arn:aws:iam::704630444454:policy/codebuild-admin-access",
            "role": "codebuild-service-role"
          },
          "sensitive_attributes": [],
          "private": "bnVsbA==",
          "dependencies": [
            "module.eventbridge.aws_iam_policy.codebuild_admin_policy",
            "module.eventbridge.aws_iam_role.codebuild_role"
          ]
        }
      ]
    },
    {
      "module": "module.eventbridge",
      "mode": "managed",
      "type": "aws_iam_role_policy_attachment",
      "name": "codebuild_access",
      "provider": "provider[\"registry.terraform.io/hashicorp/aws\"]",
      "instances": [
        {
          "schema_version": 0,
          "attributes": {
            "id": "codebuild-service-role-20250622183325469700000002",
            "policy_arn": "arn:aws:iam::704630444454:policy/codebuild-admin-access",
            "role": "codebuild-service-role"
          },
          "sensitive_attributes": [],
          "private": "bnVsbA==",
          "dependencies": [
            "module.eventbridge.aws_iam_policy.codebuild_admin_policy",
            "module.eventbridge.aws_iam_role.codebuild_role"
          ]
        }
      ]
    },
    {
      "module": "module.eventbridge",
      "mode": "managed",
      "type": "aws_iam_role_policy_attachment",
      "name": "codebuild_admin_attach",
      "provider": "provider[\"registry.terraform.io/hashicorp/aws\"]",
      "instances": [
        {
          "schema_version": 0,
          "attributes": {
            "id": "codebuild-service-role-20250622183325488800000004",
            "policy_arn": "arn:aws:iam::704630444454:policy/codebuild-admin-access",
            "role": "codebuild-service-role"
          },
          "sensitive_attributes": [],
          "private": "bnVsbA==",
          "dependencies": [
            "module.eventbridge.aws_iam_policy.codebuild_admin_policy",
            "module.eventbridge.aws_iam_role.codebuild_role"
          ]
        }
      ]
    },
    {
      "module": "module.eventbridge",
      "mode": "managed",
      "type": "aws_iam_role_policy_attachment",
      "name": "lambda_basic",
      "provider": "provider[\"registry.terraform.io/hashicorp/aws\"]",
      "instances": [
        {
          "schema_version": 0,
          "attributes": {
            "id": "lambda-execution-role-20250622183325470600000003",
            "policy_arn": "arn:aws:iam::aws:policy/service-role/AWSLambdaBasicExecutionRole",
            "role": "lambda-execution-role"
          },
          "sensitive_attributes": [],
          "private": "bnVsbA==",
          "dependencies": [
            "module.eventbridge.aws_iam_role.lambda_exec"
          ]
        }
      ]
    },
    {
      "module": "module.eventbridge",
      "mode": "managed",
      "type": "null_resource",
      "name": "lambda_zip",
      "provider": "provider[\"registry.terraform.io/hashicorp/null\"]",
      "instances": [
        {
          "schema_version": 0,
          "attributes": {
            "id": "873052118303709658",
            "triggers": {
              "index_py_hash": "ecea9cbe250122f605fe48b275b164e8"
            }
          },
          "sensitive_attributes": []
        }
      ]
    }
  ],
  "check_results": null
}
